
Microsoft Visual Studio Solution File, Format Version 12.00
# Visual Studio 14
VisualStudioVersion = 14.0.23107.0
MinimumVisualStudioVersion = 10.0.40219.1
Project("{FAE04EC0-301F-11D3-BF4B-00C04F79EFBC}") = "RPG.Falu.Web", "RPG.Falu.Web\RPG.Falu.Web.csproj", "{E0D3571B-EA05-459D-AA28-AD9A43869931}"
EndProject
Project("{FAE04EC0-301F-11D3-BF4B-00C04F79EFBC}") = "RPG.Falu.Web.Tests", "RPG.Falu.Web.Tests\RPG.Falu.Web.Tests.csproj", "{1848CCE0-C12F-4705-B095-395F687A6BD0}"
EndProject
Global
	GlobalSection(SolutionConfigurationPlatforms) = preSolution
		Debug|Any CPU = Debug|Any CPU
		Release|Any CPU = Release|Any CPU
	EndGlobalSection
	GlobalSection(ProjectConfigurationPlatforms) = postSolution
		{E0D3571B-EA05-459D-AA28-AD9A43869931}.Debug|Any CPU.ActiveCfg = Debug|Any CPU
		{E0D3571B-EA05-459D-AA28-AD9A43869931}.Debug|Any CPU.Build.0 = Debug|Any CPU
		{E0D3571B-EA05-459D-AA28-AD9A43869931}.Release|Any CPU.ActiveCfg = Release|Any CPU
		{E0D3571B-EA05-459D-AA28-AD9A43869931}.Release|Any CPU.Build.0 = Release|Any CPU
		{1848CCE0-C12F-4705-B095-395F687A6BD0}.Debug|Any CPU.ActiveCfg = Debug|Any CPU
		{1848CCE0-C12F-4705-B095-395F687A6BD0}.Debug|Any CPU.Build.0 = Debug|Any CPU
		{1848CCE0-C12F-4705-B095-395F687A6BD0}.Release|Any CPU.ActiveCfg = Release|Any CPU
		{1848CCE0-C12F-4705-B095-395F687A6BD0}.Release|Any CPU.Build.0 = Release|Any CPU
	EndGlobalSection
	GlobalSection(SolutionProperties) = preSolution
		HideSolutionNode = FALSE
	EndGlobalSection
EndGlobal
